Microsoft Visual Studio Solution File, Format Version 12.00
# Visual Studio Version 17
VisualStudioVersion = 17.5.2.0
MinimumVisualStudioVersion = 10.0.40219.1
Project("{2150E333-8FDC-42A3-9474-1A3956D46DE8}") = "back-end", "back-end", "{B670D836-3F3F-1B65-310F-B37E3F845B14}"
EndProject
Project("{FAE04EC0-301F-11D3-BF4B-00C04F79EFBC}") = "ProjectsAPI", "back-end\ProjectsAPI\ProjectsAPI.csproj", "{D0D3D1B7-2A93-A226-7C85-FAF2FD56C275}"
EndProject
Global
	GlobalSection(SolutionConfigurationPlatforms) = preSolution
		Debug|Any CPU = Debug|Any CPU
		Release|Any CPU = Release|Any CPU
	EndGlobalSection
	GlobalSection(ProjectConfigurationPlatforms) = postSolution
		{D0D3D1B7-2A93-A226-7C85-FAF2FD56C275}.Debug|Any CPU.ActiveCfg = Debug|Any CPU
		{D0D3D1B7-2A93-A226-7C85-FAF2FD56C275}.Debug|Any CPU.Build.0 = Debug|Any CPU
		{D0D3D1B7-2A93-A226-7C85-FAF2FD56C275}.Release|Any CPU.ActiveCfg = Release|Any CPU
		{D0D3D1B7-2A93-A226-7C85-FAF2FD56C275}.Release|Any CPU.Build.0 = Release|Any CPU
	EndGlobalSection
	GlobalSection(SolutionProperties) = preSolution
		HideSolutionNode = FALSE
	EndGlobalSection
	GlobalSection(NestedProjects) = preSolution
		{D0D3D1B7-2A93-A226-7C85-FAF2FD56C275} = {B670D836-3F3F-1B65-310F-B37E3F845B14}
	EndGlobalSection
	GlobalSection(ExtensibilityGlobals) = postSolution
		SolutionGuid = {DBD1C35A-2C93-4900-AF52-FDDC2A587A49}
	EndGlobalSection
EndGlobal
